
Microsoft Visual Studio Solution File, Format Version 12.00
# Visual Studio Version 16
VisualStudioVersion = 16.0.29519.87
MinimumVisualStudioVersion = 10.0.40219.1
Project("{FAE04EC0-301F-11D3-BF4B-00C04F79EFBC}") = "laba4", "laba4\laba4.csproj", "{D3B68784-B169-4266-A184-B7B4EE4A52C3}"
EndProject
Global
	GlobalSection(SolutionConfigurationPlatforms) = preSolution
		Debug|Any CPU = Debug|Any CPU
		Release|Any CPU = Release|Any CPU
	EndGlobalSection
	GlobalSection(ProjectConfigurationPlatforms) = postSolution
		{D3B68784-B169-4266-A184-B7B4EE4A52C3}.Debug|Any CPU.ActiveCfg = Debug|Any CPU
		{D3B68784-B169-4266-A184-B7B4EE4A52C3}.Debug|Any CPU.Build.0 = Debug|Any CPU
		{D3B68784-B169-4266-A184-B7B4EE4A52C3}.Release|Any CPU.ActiveCfg = Release|Any CPU
		{D3B68784-B169-4266-A184-B7B4EE4A52C3}.Release|Any CPU.Build.0 = Release|Any CPU
	EndGlobalSection
	GlobalSection(SolutionProperties) = preSolution
		HideSolutionNode = FALSE
	EndGlobalSection
	GlobalSection(ExtensibilityGlobals) = postSolution
		SolutionGuid = {0E356686-FFE6-4586-B63D-901ABE7C3E47}
	EndGlobalSection
EndGlobal
